{
  "version": 4,
  "terraform_version": "1.11.2",
  "serial": 545,
  "lineage": "b0ac3d23-9b80-5272-4469-afa03fd47d65",
  "outputs": {},
  "resources": [
    {
      "module": "module.ec2",
      "mode": "managed",
      "type": "aws_instance",
      "name": "AppServer",
      "provider": "provider[\"registry.terraform.io/hashicorp/aws\"]",
      "instances": [
        {
          "schema_version": 1,
          "attributes": {
            "ami": "ami-01938df366ac2d954",
            "arn": "arn:aws:ec2:ap-southeast-1:064924870295:instance/i-09da5aa162fc0e59a",
            "associate_public_ip_address": false,
            "availability_zone": "ap-southeast-1a",
            "capacity_reservation_specification": [
              {
                "capacity_reservation_preference": "open",
                "capacity_reservation_target": []
              }
            ],
            "cpu_core_count": 1,
            "cpu_options": [
              {
                "amd_sev_snp": "",
                "core_count": 1,
                "threads_per_core": 1
              }
            ],
            "cpu_threads_per_core": 1,
            "credit_specification": [
              {
                "cpu_credits": "standard"
              }
            ],
            "disable_api_stop": false,
            "disable_api_termination": false,
            "ebs_block_device": [],
            "ebs_optimized": false,
            "enable_primary_ipv6": null,
            "enclave_options": [
              {
                "enabled": false
              }
            ],
            "ephemeral_block_device": [],
            "get_password_data": false,
            "hibernation": false,
            "host_id": "",
            "host_resource_group_arn": null,
            "iam_instance_profile": "",
            "id": "i-09da5aa162fc0e59a",
            "instance_initiated_shutdown_behavior": "stop",
            "instance_lifecycle": "",
            "instance_market_options": [],
            "instance_state": "running",
            "instance_type": "t2.micro",
            "ipv6_address_count": 0,
            "ipv6_addresses": [],
            "key_name": "MWVPC-EC2-private_key",
            "launch_template": [],
            "maintenance_options": [
              {
                "auto_recovery": "default"
              }
            ],
            "metadata_options": [
              {
                "http_endpoint": "enabled",
                "http_protocol_ipv6": "disabled",
                "http_put_response_hop_limit": 2,
                "http_tokens": "required",
                "instance_metadata_tags": "disabled"
              }
            ],
            "monitoring": false,
            "network_interface": [],
            "outpost_arn": "",
            "password_data": "",
            "placement_group": "",
            "placement_partition_number": 0,
            "primary_network_interface_id": "eni-0357c1c556b369d12",
            "private_dns": "ip-10-0-2-15.ap-southeast-1.compute.internal",
            "private_dns_name_options": [
              {
                "enable_resource_name_dns_a_record": false,
                "enable_resource_name_dns_aaaa_record": false,
                "hostname_type": "ip-name"
              }
            ],
            "private_ip": "10.0.2.15",
            "public_dns": "",
            "public_ip": "",
            "root_block_device": [
              {
                "delete_on_termination": true,
                "device_name": "/dev/sda1",
                "encrypted": false,
                "iops": 3000,
                "kms_key_id": "",
                "tags": {},
                "tags_all": {},
                "throughput": 125,
                "volume_id": "vol-07f2665e7b73d2bb0",
                "volume_size": 8,
                "volume_type": "gp3"
              }
            ],
            "secondary_private_ips": [],
            "security_groups": [],
            "source_dest_check": true,
            "spot_instance_request_id": "",
            "subnet_id": "subnet-076c3e6ae220b0919",
            "tags": {
              "Name": "MWVPC-EC2-private"
            },
            "tags_all": {
              "Name": "MWVPC-EC2-private"
            },
            "tenancy": "default",
            "timeouts": null,
            "user_data": null,
            "user_data_base64": null,
            "user_data_replace_on_change": false,
            "volume_tags": null,
            "vpc_security_group_ids": [
              "sg-07d94a90677882414"
            ]
          },
          "sensitive_attributes": [],
          "private": "eyJlMmJmYjczMC1lY2FhLTExZTYtOGY4OC0zNDM2M2JjN2M0YzAiOnsiY3JlYXRlIjo2MDAwMDAwMDAwMDAsImRlbGV0ZSI6MTIwMDAwMDAwMDAwMCwicmVhZCI6OTAwMDAwMDAwMDAwLCJ1cGRhdGUiOjYwMDAwMDAwMDAwMH0sInNjaGVtYV92ZXJzaW9uIjoiMSJ9",
          "dependencies": [
            "module.ec2.aws_key_pair.private_ec2_keypair",
            "module.ec2.aws_security_group.private_sg",
            "module.ec2.aws_security_group.public_sg",
            "module.vpc.aws_subnet.private_subnet",
            "module.vpc.aws_vpc.main"
          ]
        }
      ]
    },
    {
      "module": "module.ec2",
      "mode": "managed",
      "type": "aws_instance",
      "name": "webserver",
      "provider": "provider[\"registry.terraform.io/hashicorp/aws\"]",
      "instances": [
        {
          "schema_version": 1,
          "attributes": {
            "ami": "ami-01938df366ac2d954",
            "arn": "arn:aws:ec2:ap-southeast-1:064924870295:instance/i-098ce327115356044",
            "associate_public_ip_address": true,
            "availability_zone": "ap-southeast-1a",
            "capacity_reservation_specification": [
              {
                "capacity_reservation_preference": "open",
                "capacity_reservation_target": []
              }
            ],
            "cpu_core_count": 1,
            "cpu_options": [
              {
                "amd_sev_snp": "",
                "core_count": 1,
                "threads_per_core": 1
              }
            ],
            "cpu_threads_per_core": 1,
            "credit_specification": [
              {
                "cpu_credits": "standard"
              }
            ],
            "disable_api_stop": false,
            "disable_api_termination": false,
            "ebs_block_device": [],
            "ebs_optimized": false,
            "enable_primary_ipv6": null,
            "enclave_options": [
              {
                "enabled": false
              }
            ],
            "ephemeral_block_device": [],
            "get_password_data": false,
            "hibernation": false,
            "host_id": "",
            "host_resource_group_arn": null,
            "iam_instance_profile": "",
            "id": "i-098ce327115356044",
            "instance_initiated_shutdown_behavior": "stop",
            "instance_lifecycle": "",
            "instance_market_options": [],
            "instance_state": "running",
            "instance_type": "t2.micro",
            "ipv6_address_count": 0,
            "ipv6_addresses": [],
            "key_name": "MWVPC-EC2-public_key",
            "launch_template": [],
            "maintenance_options": [
              {
                "auto_recovery": "default"
              }
            ],
            "metadata_options": [
              {
                "http_endpoint": "enabled",
                "http_protocol_ipv6": "disabled",
                "http_put_response_hop_limit": 2,
                "http_tokens": "required",
                "instance_metadata_tags": "disabled"
              }
            ],
            "monitoring": false,
            "network_interface": [],
            "outpost_arn": "",
            "password_data": "",
            "placement_group": "",
            "placement_partition_number": 0,
            "primary_network_interface_id": "eni-05d75afcf1eabceeb",
            "private_dns": "ip-10-0-1-153.ap-southeast-1.compute.internal",
            "private_dns_name_options": [
              {
                "enable_resource_name_dns_a_record": false,
                "enable_resource_name_dns_aaaa_record": false,
                "hostname_type": "ip-name"
              }
            ],
            "private_ip": "10.0.1.153",
            "public_dns": "ec2-54-251-184-122.ap-southeast-1.compute.amazonaws.com",
            "public_ip": "54.251.184.122",
            "root_block_device": [
              {
                "delete_on_termination": true,
                "device_name": "/dev/sda1",
                "encrypted": false,
                "iops": 3000,
                "kms_key_id": "",
                "tags": {},
                "tags_all": {},
                "throughput": 125,
                "volume_id": "vol-05133867592ead0b2",
                "volume_size": 8,
                "volume_type": "gp3"
              }
            ],
            "secondary_private_ips": [],
            "security_groups": [],
            "source_dest_check": true,
            "spot_instance_request_id": "",
            "subnet_id": "subnet-0766c69a9ac3318af",
            "tags": {
              "Name": "MWVPC-EC2-public"
            },
            "tags_all": {
              "Name": "MWVPC-EC2-public"
            },
            "tenancy": "default",
            "timeouts": null,
            "user_data": null,
            "user_data_base64": null,
            "user_data_replace_on_change": false,
            "volume_tags": null,
            "vpc_security_group_ids": [
              "sg-026ca88ed05049311"
            ]
          },
          "sensitive_attributes": [],
          "private": "eyJlMmJmYjczMC1lY2FhLTExZTYtOGY4OC0zNDM2M2JjN2M0YzAiOnsiY3JlYXRlIjo2MDAwMDAwMDAwMDAsImRlbGV0ZSI6MTIwMDAwMDAwMDAwMCwicmVhZCI6OTAwMDAwMDAwMDAwLCJ1cGRhdGUiOjYwMDAwMDAwMDAwMH0sInNjaGVtYV92ZXJzaW9uIjoiMSJ9",
          "dependencies": [
            "module.ec2.aws_key_pair.public_ec2_keypair",
            "module.ec2.aws_security_group.public_sg",
            "module.vpc.aws_subnet.public_subnet",
            "module.vpc.aws_vpc.main"
          ]
        }
      ]
    },
    {
      "module": "module.ec2",
      "mode": "managed",
      "type": "aws_key_pair",
      "name": "private_ec2_keypair",
      "provider": "provider[\"registry.terraform.io/hashicorp/aws\"]",
      "instances": [
        {
          "schema_version": 1,
          "attributes": {
            "arn": "arn:aws:ec2:ap-southeast-1:064924870295:key-pair/MWVPC-EC2-private_key",
            "fingerprint": "c7:5a:6d:ad:74:ab:ab:1d:1d:74:a9:5a:b2:8e:16:91",
            "id": "MWVPC-EC2-private_key",
            "key_name": "MWVPC-EC2-private_key",
            "key_name_prefix": "",
            "key_pair_id": "key-0575f4443734cc23e",
            "key_type": "rsa",
            "public_key": "ssh-rsa AAAAB3NzaC1yc2EAAAADAQABAAACAQD1DkyDKmCpcd2S614nO/TZGzFSMtZJzcU7LOZVLkxMEUMOQCjriHrZMFGkvCfqRfsGSra8YmYgMryKSU28b9tq2czxk9VpVt3ZdYzpR9NAr2J18CgPHMfA+fap7Wdzd+BqGQCTo03QbWXtQPSYXz/bszDH1DgYPr0SX9JXI0bDKdHEgrmLRvJ0ILjufAYrUNwh4Z5C19fWvASjH35FCo+WkoUm7k+s04YfYwvjO5orFIsZJvdCKtoG9gYqkkYE+/FJNnzxLTSF4vnRb3fIWkegKrw2x9ag7zv+1zH3SUxjI8uyjyQqyf1u3CeO+rbf1D4AUjnVqvEm8G56LAw4AvoXH8/FFuy/1j8muXfWcejBF34OLavGGUmrXW/7P/dZb3kZFJ6BFq0W5Egw4IXnM8Tef1h9W5vHoM/x6nXf8MC6CuGC0kJiXX1NI+OAZjQgoeH0amIDq32AIoUuGeQxrCoL6rkJS3TdTMKvVPqTgQcEl6EuKX/N+jBy5l/5yGzjpeji4nAZb12DFwx74jBtSGkBSd4+ut6HbOjrlCMFy/qqmk2x5M8lbCFO1wr58C0jbV3YT9nAujhcJ5ldczatnsGcGRmPGM9RUbsA5c0KMxdPNjQiYq5ijr5K7xrRm7/N63XzyGB74ZgOX9+Nsyz8VoIlx+qwnWpWU1GQqE/g5r9aEQ== codespace@codespaces-c1a19f",
            "tags": null,
            "tags_all": {}
          },
          "sensitive_attributes": [],
          "private": "eyJzY2hlbWFfdmVyc2lvbiI6IjEifQ=="
        }
      ]
    },
    {
      "module": "module.ec2",
      "mode": "managed",
      "type": "aws_key_pair",
      "name": "public_ec2_keypair",
      "provider": "provider[\"registry.terraform.io/hashicorp/aws\"]",
      "instances": [
        {
          "schema_version": 1,
          "attributes": {
            "arn": "arn:aws:ec2:ap-southeast-1:064924870295:key-pair/MWVPC-EC2-public_key",
            "fingerprint": "e4:73:9f:cb:45:05:80:ae:b7:0b:92:d0:a7:5a:fb:ac",
            "id": "MWVPC-EC2-public_key",
            "key_name": "MWVPC-EC2-public_key",
            "key_name_prefix": "",
            "key_pair_id": "key-055db9456e98631a7",
            "key_type": "rsa",
            "public_key": "ssh-rsa AAAAB3NzaC1yc2EAAAADAQABAAACAQDb5p1en+hbPA8GdeaR81mZt9zR8vI1kF0arS19oUuPSWEHJlems6jBw2ZaOaAhQfcV8Q+BWZmbX3jvjzbExqrJatLu33g5PXiN6a+UYWR1JWaYqCiIPzIOo889Do5mGxRoT17MCfP4Nwp6lQa57lUndu/7VRKg+F+hG5VRB+HTlB2M9WvEn0KNFR1SGYKCVpOuIUYd1qr/YFU4c+iGtAGC6djNtd2mPraJRwJ3Unv/m6l0R93I5snzojwmfSuSEYH7u/2FTTdKs7ud31C6tFN+Sp71SWUuyuvAOsQFoGyiEH7y5orCGNVtBwcRo8G8tHIXseea7LBdMA/gFdwrLKOkQtO2lxDIVSyY1HvtHvxTgB8K9Gti5n3bu1vpEqOhgp7oBUu8q1mhGMNVZu6dkMW7Xr7zG3tHwi8aKcirDz8TNuL3i1ybzh0lZZG2d7dHG+MW+fP8sygauIvDU6N9OztqLJXAZTgEjCmBTKIRGXQTy/4Gg1RSHXqe3kV2FZGPOI5d0Dg524TNhHs1gA3oTdGlhtxLj6r0nmI+Qma2NX729StiOagt+VbBadmcRewRWjg4fbJopIFp1rcx/wdoBe6pi5JC6Xlm4RPEbVVMwAghoruOeFca+pskLSVpZJRLXKkZuPwLwOdG12nCFUNorGL/+O6pqGo08BFbd+fQozEZMw== codespace@codespaces-c1a19f",
            "tags": null,
            "tags_all": {}
          },
          "sensitive_attributes": [],
          "private": "eyJzY2hlbWFfdmVyc2lvbiI6IjEifQ=="
        }
      ]
    },
    {
      "module": "module.ec2",
      "mode": "managed",
      "type": "aws_security_group",
      "name": "private_sg",
      "provider": "provider[\"registry.terraform.io/hashicorp/aws\"]",
      "instances": [
        {
          "schema_version": 1,
          "attributes": {
            "arn": "arn:aws:ec2:ap-southeast-1:064924870295:security-group/sg-07d94a90677882414",
            "description": "Allow SSH access",
            "egress": [
              {
                "cidr_blocks": [],
                "description": "",
                "from_port": 0,
                "ipv6_cidr_blocks": [],
                "prefix_list_ids": [],
                "protocol": "-1",
                "security_groups": [
                  "sg-026ca88ed05049311"
                ],
                "self": false,
                "to_port": 0
              }
            ],
            "id": "sg-07d94a90677882414",
            "ingress": [
              {
                "cidr_blocks": [],
                "description": "SSH",
                "from_port": 22,
                "ipv6_cidr_blocks": [],
                "prefix_list_ids": [],
                "protocol": "tcp",
                "security_groups": [
                  "sg-026ca88ed05049311"
                ],
                "self": false,
                "to_port": 22
              }
            ],
            "name": "MWVPC-Private-SG",
            "name_prefix": "",
            "owner_id": "064924870295",
            "revoke_rules_on_delete": false,
            "tags": {
              "Name": "MWVPC-Private-SG"
            },
            "tags_all": {
              "Name": "MWVPC-Private-SG"
            },
            "timeouts": null,
            "vpc_id": "vpc-048d45998162af0c9"
          },
          "sensitive_attributes": [],
          "private": "eyJlMmJmYjczMC1lY2FhLTExZTYtOGY4OC0zNDM2M2JjN2M0YzAiOnsiY3JlYXRlIjo2MDAwMDAwMDAwMDAsImRlbGV0ZSI6OTAwMDAwMDAwMDAwfSwic2NoZW1hX3ZlcnNpb24iOiIxIn0=",
          "dependencies": [
            "module.ec2.aws_security_group.public_sg",
            "module.vpc.aws_vpc.main"
          ]
        }
      ]
    },
    {
      "module": "module.ec2",
      "mode": "managed",
      "type": "aws_security_group",
      "name": "public_sg",
      "provider": "provider[\"registry.terraform.io/hashicorp/aws\"]",
      "instances": [
        {
          "schema_version": 1,
          "attributes": {
            "arn": "arn:aws:ec2:ap-southeast-1:064924870295:security-group/sg-026ca88ed05049311",
            "description": "Allow SSH access",
            "egress": [
              {
                "cidr_blocks": [
                  "0.0.0.0/0"
                ],
                "description": "",
                "from_port": 0,
                "ipv6_cidr_blocks": [],
                "prefix_list_ids": [],
                "protocol": "-1",
                "security_groups": [],
                "self": false,
                "to_port": 0
              }
            ],
            "id": "sg-026ca88ed05049311",
            "ingress": [
              {
                "cidr_blocks": [
                  "0.0.0.0/0"
                ],
                "description": "Allow ICMP (Ping)",
                "from_port": -1,
                "ipv6_cidr_blocks": [],
                "prefix_list_ids": [],
                "protocol": "icmp",
                "security_groups": [],
                "self": false,
                "to_port": -1
              },
              {
                "cidr_blocks": [
                  "0.0.0.0/0"
                ],
                "description": "SSH",
                "from_port": 22,
                "ipv6_cidr_blocks": [],
                "prefix_list_ids": [],
                "protocol": "tcp",
                "security_groups": [],
                "self": false,
                "to_port": 22
              }
            ],
            "name": "MWVPC-Public-SG",
            "name_prefix": "",
            "owner_id": "064924870295",
            "revoke_rules_on_delete": false,
            "tags": {
              "Name": "MWVPC-Public-SG"
            },
            "tags_all": {
              "Name": "MWVPC-Public-SG"
            },
            "timeouts": null,
            "vpc_id": "vpc-048d45998162af0c9"
          },
          "sensitive_attributes": [],
          "private": "eyJlMmJmYjczMC1lY2FhLTExZTYtOGY4OC0zNDM2M2JjN2M0YzAiOnsiY3JlYXRlIjo2MDAwMDAwMDAwMDAsImRlbGV0ZSI6OTAwMDAwMDAwMDAwfSwic2NoZW1hX3ZlcnNpb24iOiIxIn0=",
          "dependencies": [
            "module.vpc.aws_vpc.main"
          ]
        }
      ]
    },
    {
      "module": "module.vpc",
      "mode": "managed",
      "type": "aws_internet_gateway",
      "name": "igw",
      "provider": "provider[\"registry.terraform.io/hashicorp/aws\"]",
      "instances": [
        {
          "schema_version": 0,
          "attributes": {
            "arn": "arn:aws:ec2:ap-southeast-1:064924870295:internet-gateway/igw-01e385f2ec1eecfc9",
            "id": "igw-01e385f2ec1eecfc9",
            "owner_id": "064924870295",
            "tags": {
              "Name": "MWVPC-IGW"
            },
            "tags_all": {
              "Name": "MWVPC-IGW"
            },
            "timeouts": null,
            "vpc_id": "vpc-048d45998162af0c9"
          },
          "sensitive_attributes": [],
          "private": "eyJlMmJmYjczMC1lY2FhLTExZTYtOGY4OC0zNDM2M2JjN2M0YzAiOnsiY3JlYXRlIjoxMjAwMDAwMDAwMDAwLCJkZWxldGUiOjEyMDAwMDAwMDAwMDAsInVwZGF0ZSI6MTIwMDAwMDAwMDAwMH19",
          "dependencies": [
            "module.vpc.aws_vpc.main"
          ]
        }
      ]
    },
    {
      "module": "module.vpc",
      "mode": "managed",
      "type": "aws_route_table",
      "name": "private_rt",
      "provider": "provider[\"registry.terraform.io/hashicorp/aws\"]",
      "instances": [
        {
          "schema_version": 0,
          "attributes": {
            "arn": "arn:aws:ec2:ap-southeast-1:064924870295:route-table/rtb-0686970039132dd68",
            "id": "rtb-0686970039132dd68",
            "owner_id": "064924870295",
            "propagating_vgws": [],
            "route": [],
            "tags": {
              "Name": "MWVPC-Private-RT"
            },
            "tags_all": {
              "Name": "MWVPC-Private-RT"
            },
            "timeouts": null,
            "vpc_id": "vpc-048d45998162af0c9"
          },
          "sensitive_attributes": [],
          "private": "eyJlMmJmYjczMC1lY2FhLTExZTYtOGY4OC0zNDM2M2JjN2M0YzAiOnsiY3JlYXRlIjozMDAwMDAwMDAwMDAsImRlbGV0ZSI6MzAwMDAwMDAwMDAwLCJ1cGRhdGUiOjEyMDAwMDAwMDAwMH19",
          "dependencies": [
            "module.vpc.aws_vpc.main"
          ]
        }
      ]
    },
    {
      "module": "module.vpc",
      "mode": "managed",
      "type": "aws_route_table",
      "name": "public_rt",
      "provider": "provider[\"registry.terraform.io/hashicorp/aws\"]",
      "instances": [
        {
          "schema_version": 0,
          "attributes": {
            "arn": "arn:aws:ec2:ap-southeast-1:064924870295:route-table/rtb-0ce756727a564b7af",
            "id": "rtb-0ce756727a564b7af",
            "owner_id": "064924870295",
            "propagating_vgws": [],
            "route": [
              {
                "carrier_gateway_id": "",
                "cidr_block": "0.0.0.0/0",
                "core_network_arn": "",
                "destination_prefix_list_id": "",
                "egress_only_gateway_id": "",
                "gateway_id": "igw-01e385f2ec1eecfc9",
                "ipv6_cidr_block": "",
                "local_gateway_id": "",
                "nat_gateway_id": "",
                "network_interface_id": "",
                "transit_gateway_id": "",
                "vpc_endpoint_id": "",
                "vpc_peering_connection_id": ""
              }
            ],
            "tags": {
              "Name": "MWVPC-Public-RT"
            },
            "tags_all": {
              "Name": "MWVPC-Public-RT"
            },
            "timeouts": null,
            "vpc_id": "vpc-048d45998162af0c9"
          },
          "sensitive_attributes": [],
          "private": "eyJlMmJmYjczMC1lY2FhLTExZTYtOGY4OC0zNDM2M2JjN2M0YzAiOnsiY3JlYXRlIjozMDAwMDAwMDAwMDAsImRlbGV0ZSI6MzAwMDAwMDAwMDAwLCJ1cGRhdGUiOjEyMDAwMDAwMDAwMH19",
          "dependencies": [
            "module.vpc.aws_internet_gateway.igw",
            "module.vpc.aws_vpc.main"
          ]
        }
      ]
    },
    {
      "module": "module.vpc",
      "mode": "managed",
      "type": "aws_route_table_association",
      "name": "private_rt_assoc",
      "provider": "provider[\"registry.terraform.io/hashicorp/aws\"]",
      "instances": [
        {
          "schema_version": 0,
          "attributes": {
            "gateway_id": "",
            "id": "rtbassoc-08f078ccea0c036a4",
            "route_table_id": "rtb-0686970039132dd68",
            "subnet_id": "subnet-076c3e6ae220b0919",
            "timeouts": null
          },
          "sensitive_attributes": [],
          "private": "eyJlMmJmYjczMC1lY2FhLTExZTYtOGY4OC0zNDM2M2JjN2M0YzAiOnsiY3JlYXRlIjozMDAwMDAwMDAwMDAsImRlbGV0ZSI6MzAwMDAwMDAwMDAwLCJ1cGRhdGUiOjEyMDAwMDAwMDAwMH19",
          "dependencies": [
            "module.vpc.aws_route_table.private_rt",
            "module.vpc.aws_subnet.private_subnet",
            "module.vpc.aws_vpc.main"
          ]
        }
      ]
    },
    {
      "module": "module.vpc",
      "mode": "managed",
      "type": "aws_route_table_association",
      "name": "public_rt_assoc",
      "provider": "provider[\"registry.terraform.io/hashicorp/aws\"]",
      "instances": [
        {
          "schema_version": 0,
          "attributes": {
            "gateway_id": "",
            "id": "rtbassoc-02b351ea924491ecc",
            "route_table_id": "rtb-0ce756727a564b7af",
            "subnet_id": "subnet-0766c69a9ac3318af",
            "timeouts": null
          },
          "sensitive_attributes": [],
          "private": "eyJlMmJmYjczMC1lY2FhLTExZTYtOGY4OC0zNDM2M2JjN2M0YzAiOnsiY3JlYXRlIjozMDAwMDAwMDAwMDAsImRlbGV0ZSI6MzAwMDAwMDAwMDAwLCJ1cGRhdGUiOjEyMDAwMDAwMDAwMH19",
          "dependencies": [
            "module.vpc.aws_internet_gateway.igw",
            "module.vpc.aws_route_table.public_rt",
            "module.vpc.aws_subnet.public_subnet",
            "module.vpc.aws_vpc.main"
          ]
        }
      ]
    },
    {
      "module": "module.vpc",
      "mode": "managed",
      "type": "aws_subnet",
      "name": "private_subnet",
      "provider": "provider[\"registry.terraform.io/hashicorp/aws\"]",
      "instances": [
        {
          "schema_version": 1,
          "attributes": {
            "arn": "arn:aws:ec2:ap-southeast-1:064924870295:subnet/subnet-076c3e6ae220b0919",
            "assign_ipv6_address_on_creation": false,
            "availability_zone": "ap-southeast-1a",
            "availability_zone_id": "apse1-az1",
            "cidr_block": "10.0.2.0/24",
            "customer_owned_ipv4_pool": "",
            "enable_dns64": false,
            "enable_lni_at_device_index": 0,
            "enable_resource_name_dns_a_record_on_launch": false,
            "enable_resource_name_dns_aaaa_record_on_launch": false,
            "id": "subnet-076c3e6ae220b0919",
            "ipv6_cidr_block": "",
            "ipv6_cidr_block_association_id": "",
            "ipv6_native": false,
            "map_customer_owned_ip_on_launch": false,
            "map_public_ip_on_launch": false,
            "outpost_arn": "",
            "owner_id": "064924870295",
            "private_dns_hostname_type_on_launch": "ip-name",
            "tags": {
              "Name": "MWVPC-Private-Subnet"
            },
            "tags_all": {
              "Name": "MWVPC-Private-Subnet"
            },
            "timeouts": null,
            "vpc_id": "vpc-048d45998162af0c9"
          },
          "sensitive_attributes": [],
          "private": "eyJlMmJmYjczMC1lY2FhLTExZTYtOGY4OC0zNDM2M2JjN2M0YzAiOnsiY3JlYXRlIjo2MDAwMDAwMDAwMDAsImRlbGV0ZSI6MTIwMDAwMDAwMDAwMH0sInNjaGVtYV92ZXJzaW9uIjoiMSJ9",
          "dependencies": [
            "module.vpc.aws_vpc.main"
          ]
        }
      ]
    },
    {
      "module": "module.vpc",
      "mode": "managed",
      "type": "aws_subnet",
      "name": "public_subnet",
      "provider": "provider[\"registry.terraform.io/hashicorp/aws\"]",
      "instances": [
        {
          "schema_version": 1,
          "attributes": {
            "arn": "arn:aws:ec2:ap-southeast-1:064924870295:subnet/subnet-0766c69a9ac3318af",
            "assign_ipv6_address_on_creation": false,
            "availability_zone": "ap-southeast-1a",
            "availability_zone_id": "apse1-az1",
            "cidr_block": "10.0.1.0/24",
            "customer_owned_ipv4_pool": "",
            "enable_dns64": false,
            "enable_lni_at_device_index": 0,
            "enable_resource_name_dns_a_record_on_launch": false,
            "enable_resource_name_dns_aaaa_record_on_launch": false,
            "id": "subnet-0766c69a9ac3318af",
            "ipv6_cidr_block": "",
            "ipv6_cidr_block_association_id": "",
            "ipv6_native": false,
            "map_customer_owned_ip_on_launch": false,
            "map_public_ip_on_launch": true,
            "outpost_arn": "",
            "owner_id": "064924870295",
            "private_dns_hostname_type_on_launch": "ip-name",
            "tags": {
              "Name": "MWVPC-Public-Subnet"
            },
            "tags_all": {
              "Name": "MWVPC-Public-Subnet"
            },
            "timeouts": null,
            "vpc_id": "vpc-048d45998162af0c9"
          },
          "sensitive_attributes": [],
          "private": "eyJlMmJmYjczMC1lY2FhLTExZTYtOGY4OC0zNDM2M2JjN2M0YzAiOnsiY3JlYXRlIjo2MDAwMDAwMDAwMDAsImRlbGV0ZSI6MTIwMDAwMDAwMDAwMH0sInNjaGVtYV92ZXJzaW9uIjoiMSJ9",
          "dependencies": [
            "module.vpc.aws_vpc.main"
          ]
        }
      ]
    },
    {
      "module": "module.vpc",
      "mode": "managed",
      "type": "aws_vpc",
      "name": "main",
      "provider": "provider[\"registry.terraform.io/hashicorp/aws\"]",
      "instances": [
        {
          "schema_version": 1,
          "attributes": {
            "arn": "arn:aws:ec2:ap-southeast-1:064924870295:vpc/vpc-048d45998162af0c9",
            "assign_generated_ipv6_cidr_block": false,
            "cidr_block": "10.0.0.0/16",
            "default_network_acl_id": "acl-0b4e041e489b5bd88",
            "default_route_table_id": "rtb-0444cc90f7dc3d231",
            "default_security_group_id": "sg-039047f178664e833",
            "dhcp_options_id": "dopt-09579c6560c86ee87",
            "enable_dns_hostnames": true,
            "enable_dns_support": true,
            "enable_network_address_usage_metrics": false,
            "id": "vpc-048d45998162af0c9",
            "instance_tenancy": "default",
            "ipv4_ipam_pool_id": null,
            "ipv4_netmask_length": null,
            "ipv6_association_id": "",
            "ipv6_cidr_block": "",
            "ipv6_cidr_block_network_border_group": "",
            "ipv6_ipam_pool_id": "",
            "ipv6_netmask_length": 0,
            "main_route_table_id": "rtb-0444cc90f7dc3d231",
            "owner_id": "064924870295",
            "tags": {
              "Name": "MWVPC"
            },
            "tags_all": {
              "Name": "MWVPC"
            }
          },
          "sensitive_attributes": [],
          "private": "eyJzY2hlbWFfdmVyc2lvbiI6IjEifQ=="
        }
      ]
    }
  ],
  "check_results": null
}
